
Microsoft Visual Studio Solution File, Format Version 12.00
# Visual Studio 15
VisualStudioVersion = 15.0.27004.2005
MinimumVisualStudioVersion = 10.0.40219.1
Project("{FAE04EC0-301F-11D3-BF4B-00C04F79EFBC}") = "S00148095Week6Lab2", "S00148095Week6Lab2\S00148095Week6Lab2.csproj", "{410CAFA0-BEF1-4B25-A5D5-FEBA6E21D38D}"
EndProject
Global
	GlobalSection(SolutionConfigurationPlatforms) = preSolution
		Debug|Any CPU = Debug|Any CPU
		Release|Any CPU = Release|Any CPU
	EndGlobalSection
	GlobalSection(ProjectConfigurationPlatforms) = postSolution
		{410CAFA0-BEF1-4B25-A5D5-FEBA6E21D38D}.Debug|Any CPU.ActiveCfg = Debug|Any CPU
		{410CAFA0-BEF1-4B25-A5D5-FEBA6E21D38D}.Debug|Any CPU.Build.0 = Debug|Any CPU
		{410CAFA0-BEF1-4B25-A5D5-FEBA6E21D38D}.Release|Any CPU.ActiveCfg = Release|Any CPU
		{410CAFA0-BEF1-4B25-A5D5-FEBA6E21D38D}.Release|Any CPU.Build.0 = Release|Any CPU
	EndGlobalSection
	GlobalSection(SolutionProperties) = preSolution
		HideSolutionNode = FALSE
	EndGlobalSection
	GlobalSection(ExtensibilityGlobals) = postSolution
		SolutionGuid = {4D4C3C43-DDFA-4FEB-AF8E-A993517D95BC}
	EndGlobalSection
EndGlobal
